
Microsoft Visual Studio Solution File, Format Version 12.00
# Visual Studio Version 17
VisualStudioVersion = 17.1.32228.430
MinimumVisualStudioVersion = 10.0.40219.1
Project("{FAE04EC0-301F-11D3-BF4B-00C04F79EFBC}") = "NamedPipesSample.WindowsService", "NamedPipesSample.WindowsService\NamedPipesSample.WindowsService.csproj", "{63E8EC10-6C08-4F60-AB66-B6A69D203619}"
EndProject
Project("{FAE04EC0-301F-11D3-BF4B-00C04F79EFBC}") = "NamedPipesSample.Common", "NamedPipesSample.Common\NamedPipesSample.Common.csproj", "{3438E12D-23B0-4C44-9198-49C17BD372E2}"
EndProject
Project("{FAE04EC0-301F-11D3-BF4B-00C04F79EFBC}") = "NamedPipesSample.Client", "NamedPipesSample.Client\NamedPipesSample.Client.csproj", "{6B27E431-E865-420B-BD5B-675F7BE1D18B}"
EndProject
Global
	GlobalSection(SolutionConfigurationPlatforms) = preSolution
		Debug|Any CPU = Debug|Any CPU
		Release|Any CPU = Release|Any CPU
	EndGlobalSection
	GlobalSection(ProjectConfigurationPlatforms) = postSolution
		{63E8EC10-6C08-4F60-AB66-B6A69D203619}.Debug|Any CPU.ActiveCfg = Debug|Any CPU
		{63E8EC10-6C08-4F60-AB66-B6A69D203619}.Debug|Any CPU.Build.0 = Debug|Any CPU
		{63E8EC10-6C08-4F60-AB66-B6A69D203619}.Release|Any CPU.ActiveCfg = Release|Any CPU
		{63E8EC10-6C08-4F60-AB66-B6A69D203619}.Release|Any CPU.Build.0 = Release|Any CPU
		{3438E12D-23B0-4C44-9198-49C17BD372E2}.Debug|Any CPU.ActiveCfg = Debug|Any CPU
		{3438E12D-23B0-4C44-9198-49C17BD372E2}.Debug|Any CPU.Build.0 = Debug|Any CPU
		{3438E12D-23B0-4C44-9198-49C17BD372E2}.Release|Any CPU.ActiveCfg = Release|Any CPU
		{3438E12D-23B0-4C44-9198-49C17BD372E2}.Release|Any CPU.Build.0 = Release|Any CPU
		{6B27E431-E865-420B-BD5B-675F7BE1D18B}.Debug|Any CPU.ActiveCfg = Debug|Any CPU
		{6B27E431-E865-420B-BD5B-675F7BE1D18B}.Debug|Any CPU.Build.0 = Debug|Any CPU
		{6B27E431-E865-420B-BD5B-675F7BE1D18B}.Release|Any CPU.ActiveCfg = Release|Any CPU
		{6B27E431-E865-420B-BD5B-675F7BE1D18B}.Release|Any CPU.Build.0 = Release|Any CPU
	EndGlobalSection
	GlobalSection(SolutionProperties) = preSolution
		HideSolutionNode = FALSE
	EndGlobalSection
	GlobalSection(ExtensibilityGlobals) = postSolution
		SolutionGuid = {2C976C06-7EC5-4ADC-885E-6991DD99F8D5}
	EndGlobalSection
EndGlobal
